
Microsoft Visual Studio Solution File, Format Version 12.00
# Visual Studio Version 17
VisualStudioVersion = 17.11.35303.130
MinimumVisualStudioVersion = 10.0.40219.1
Project("{9A19103F-16F7-4668-BE54-9A1E7A4F7556}") = "CRM.ICon.Modality", "CRM.ICon.Modality.csproj", "{3A39B018-3DA4-4131-B563-6D35C63DD7A3}"
EndProject
Project("{FAE04EC0-301F-11D3-BF4B-00C04F79EFBC}") = "CRM.ICon.Modality.Tests", "..\CRM.ICon.Modality.Tests\CRM.ICon.Modality.Tests.csproj", "{5005C4E2-A4E9-418B-9025-C08B07CDE5C8}"
EndProject
Global
	GlobalSection(SolutionConfigurationPlatforms) = preSolution
		Debug|Any CPU = Debug|Any CPU
		Release|Any CPU = Release|Any CPU
	EndGlobalSection
	GlobalSection(ProjectConfigurationPlatforms) = postSolution
		{3A39B018-3DA4-4131-B563-6D35C63DD7A3}.Debug|Any CPU.ActiveCfg = Debug|Any CPU
		{3A39B018-3DA4-4131-B563-6D35C63DD7A3}.Debug|Any CPU.Build.0 = Debug|Any CPU
		{3A39B018-3DA4-4131-B563-6D35C63DD7A3}.Release|Any CPU.ActiveCfg = Release|Any CPU
		{3A39B018-3DA4-4131-B563-6D35C63DD7A3}.Release|Any CPU.Build.0 = Release|Any CPU
		{5005C4E2-A4E9-418B-9025-C08B07CDE5C8}.Debug|Any CPU.ActiveCfg = Debug|Any CPU
		{5005C4E2-A4E9-418B-9025-C08B07CDE5C8}.Debug|Any CPU.Build.0 = Debug|Any CPU
		{5005C4E2-A4E9-418B-9025-C08B07CDE5C8}.Release|Any CPU.ActiveCfg = Release|Any CPU
		{5005C4E2-A4E9-418B-9025-C08B07CDE5C8}.Release|Any CPU.Build.0 = Release|Any CPU
	EndGlobalSection
	GlobalSection(SolutionProperties) = preSolution
		HideSolutionNode = FALSE
	EndGlobalSection
	GlobalSection(ExtensibilityGlobals) = postSolution
		SolutionGuid = {1B86570D-6640-4E91-9DF6-CFFDF21E2F2A}
	EndGlobalSection
EndGlobal
